// !$*UTF8*$!
{
	archiveVersion = 1;
	classes = {
	};
	objectVersion = 46;
	objects = {

/* Begin PBXBuildFile section */
		1FC3289C1BB52F2E0091401D /* main.m in Sources */ = {isa = PBXBuildFile; fileRef = 1FC3289B1BB52F2E0091401D /* main.m */; };
		1FC3289F1BB52F2E0091401D /* AppDelegate.m in Sources */ = {isa = PBXBuildFile; fileRef = 1FC3289E1BB52F2E0091401D /* AppDelegate.m */; };
		1FC328A21BB52F2E0091401D /* ViewController.m in Sources */ = {isa = PBXBuildFile; fileRef = 1FC328A11BB52F2E0091401D /* ViewController.m */; };
		1FC328A51BB52F2E0091401D /* Main.storyboard in Resources */ = {isa = PBXBuildFile; fileRef = 1FC328A31BB52F2E0091401D /* Main.storyboard */; };
		1FC328A71BB52F2E0091401D /* Assets.xcassets in Resources */ = {isa = PBXBuildFile; fileRef = 1FC328A61BB52F2E0091401D /* Assets.xcassets */; };
		1FC328AA1BB52F2E0091401D /* LaunchScreen.storyboard in Resources */ = {isa = PBXBuildFile; fileRef = 1FC328A81BB52F2E0091401D /* LaunchScreen.storyboard */; };
		1FC328B51BB52F2E0091401D /* ddddddTests.m in Sources */ = {isa = PBXBuildFile; fileRef = 1FC328B41BB52F2E0091401D /* ddddddTests.m */; };
		1FC328C01BB52F2E0091401D /* ddddddUITests.m in Sources */ = {isa = PBXBuildFile; fileRef = 1FC328BF1BB52F2E0091401D /* ddddddUITests.m */; };
/* End PBXBuildFile section */

/* Begin PBXContainerItemProxy section */
		1FC328B11BB52F2E0091401D /* PBXContainerItemProxy */ = {
			isa = PBXContainerItemProxy;
			containerPortal = 1FC3288F1BB52F2E0091401D /* Project object */;
			proxyType = 1;
			remoteGlobalIDString = 1FC328961BB52F2E0091401D;
			remoteInfo = dddddd;
		};
		1FC328BC1BB52F2E0091401D /* PBXContainerItemProxy */ = {
			isa = PBXContainerItemProxy;
			containerPortal = 1FC3288F1BB52F2E0091401D /* Project object */;
			proxyType = 1;
			remoteGlobalIDString = 1FC328961BB52F2E0091401D;
			remoteInfo = dddddd;
		};
/* End PBXContainerItemProxy section */

/* Begin PBXFileReference section */
		1FC328971BB52F2E0091401D /* dddddd.app */ = {isa = PBXFileReference; explicitFileType = wrapper.application; includeInIndex = 0; path = dddddd.app; sourceTree = BUILT_PRODUCTS_DIR; };
		1FC3289B1BB52F2E0091401D /* main.m */ = {isa = PBXFileReference; lastKnownFileType = sourcecode.c.objc; path = main.m; sourceTree = "<group>"; };
		1FC3289D1BB52F2E0091401D /* AppDelegate.h */ = {isa = PBXFileReference; lastKnownFileType = sourcecode.c.h; path = AppDelegate.h; sourceTree = "<group>"; };
		1FC3289E1BB52F2E0091401D /* AppDelegate.m */ = {isa = PBXFileReference; lastKnownFileType = sourcecode.c.objc; path = AppDelegate.m; sourceTree = "<group>"; };
		1FC328A01BB52F2E0091401D /* ViewController.h */ = {isa = PBXFileReference; lastKnownFileType = sourcecode.c.h; path = ViewController.h; sourceTree = "<group>"; };
		1FC328A11BB52F2E0091401D /* ViewController.m */ = {isa = PBXFileReference; lastKnownFileType = sourcecode.c.objc; path = ViewController.m; sourceTree = "<group>"; };
		1FC328A41BB52F2E0091401D /* Base */ = {isa = PBXFileReference; lastKnownFileType = file.storyboard; name = Base; path = Base.lproj/Main.storyboard; sourceTree = "<group>"; };
		1FC328A61BB52F2E0091401D /* Assets.xcassets */ = {isa = PBXFileReference; lastKnownFileType = folder.assetcatalog; path = Assets.xcassets; sourceTree = "<group>"; };
		1FC328A91BB52F2E0091401D /* Base */ = {isa = PBXFileReference; lastKnownFileType = file.storyboard; name = Base; path = Base.lproj/LaunchScreen.storyboard; sourceTree = "<group>"; };
		1FC328AB1BB52F2E0091401D /* Info.plist */ = {isa = PBXFileReference; lastKnownFileType = text.plist.xml; path = Info.plist; sourceTree = "<group>"; };
		1FC328B01BB52F2E0091401D /* ddddddTests.xctest */ = {isa = PBXFileReference; explicitFileType = wrapper.cfbundle; includeInIndex = 0; path = ddddddTests.xctest; sourceTree = BUILT_PRODUCTS_DIR; };
		1FC328B41BB52F2E0091401D /* ddddddTests.m */ = {isa = PBXFileReference; lastKnownFileType = sourcecode.c.objc; path = ddddddTests.m; sourceTree = "<group>"; };
		1FC328B61BB52F2E0091401D /* Info.plist */ = {isa = PBXFileReference; lastKnownFileType = text.plist.xml; path = Info.plist; sourceTree = "<group>"; };
		1FC328BB1BB52F2E0091401D /* ddddddUITests.xctest */ = {isa = PBXFileReference; explicitFileType = wrapper.cfbundle; includeInIndex = 0; path = ddddddUITests.xctest; sourceTree = BUILT_PRODUCTS_DIR; };
		1FC328BF1BB52F2E0091401D /* ddddddUITests.m */ = {isa = PBXFileReference; lastKnownFileType = sourcecode.c.objc; path = ddddddUITests.m; sourceTree = "<group>"; };
		1FC328C11BB52F2E0091401D /* Info.plist */ = {isa = PBXFileReference; lastKnownFileType = text.plist.xml; path = Info.plist; sourceTree = "<group>"; };
/* End PBXFileReference section */

/* Begin PBXFrameworksBuildPhase section */
		1FC328941BB52F2E0091401D /* Frameworks */ = {
			isa = PBXFrameworksBuildPhase;
			buildActionMask = 2147483647;
			files = (
			);
			runOnlyForDeploymentPostprocessing = 0;
		};
		1FC328AD1BB52F2E0091401D /* Frameworks */ = {
			isa = PBXFrameworksBuildPhase;
			buildActionMask = 2147483647;
			files = (
			);
			runOnlyForDeploymentPostprocessing = 0;
		};
		1FC328B81BB52F2E0091401D /* Frameworks */ = {
			isa = PBXFrameworksBuildPhase;
			buildActionMask = 2147483647;
			files = (
			);
			runOnlyForDeploymentPostprocessing = 0;
		};
/* End PBXFrameworksBuildPhase section */

/* Begin PBXGroup section */
		1FC3288E1BB52F2E0091401D = {
			isa = PBXGroup;
			children = (
				1FC328991BB52F2E0091401D /* dddddd */,
				1FC328B31BB52F2E0091401D /* ddddddTests */,
				1FC328BE1BB52F2E0091401D /* ddddddUITests */,
				1FC328981BB52F2E0091401D /* Products */,
			);
			sourceTree = "<group>";
		};
		1FC328981BB52F2E0091401D /* Products */ = {
			isa = PBXGroup;
			children = (
				1FC328971BB52F2E0091401D /* dddddd.app */,
				1FC328B01BB52F2E0091401D /* ddddddTests.xctest */,
				1FC328BB1BB52F2E0091401D /* ddddddUITests.xctest */,
			);
			name = Products;
			sourceTree = "<group>";
		};
		1FC328991BB52F2E0091401D /* dddddd */ = {
			isa = PBXGroup;
			children = (
				1FC3289D1BB52F2E0091401D /* AppDelegate.h */,
				1FC3289E1BB52F2E0091401D /* AppDelegate.m */,
				1FC328A01BB52F2E0091401D /* ViewController.h */,
				1FC328A11BB52F2E0091401D /* ViewController.m */,
				1FC328A31BB52F2E0091401D /* Main.storyboard */,
				1FC328A61BB52F2E0091401D /* Assets.xcassets */,
				1FC328A81BB52F2E0091401D /* LaunchScreen.storyboard */,
				1FC328AB1BB52F2E0091401D /* Info.plist */,
				1FC3289A1BB52F2E0091401D /* Supporting Files */,
			);
			path = dddddd;
			sourceTree = "<group>";
		};
		1FC3289A1BB52F2E0091401D /* Supporting Files */ = {
			isa = PBXGroup;
			children = (
				1FC3289B1BB52F2E0091401D /* main.m */,
			);
			name = "Supporting Files";
			sourceTree = "<group>";
		};
		1FC328B31BB52F2E0091401D /* ddddddTests */ = {
			isa = PBXGroup;
			children = (
				1FC328B41BB52F2E0091401D /* ddddddTests.m */,
				1FC328B61BB52F2E0091401D /* Info.plist */,
			);
			path = ddddddTests;
			sourceTree = "<group>";
		};
		1FC328BE1BB52F2E0091401D /* ddddddUITests */ = {
			isa = PBXGroup;
			children = (
				1FC328BF1BB52F2E0091401D /* ddddddUITests.m */,
				1FC328C11BB52F2E0091401D /* Info.plist */,
			);
			path = ddddddUITests;
			sourceTree = "<group>";
		};
/* End PBXGroup section */

/* Begin PBXNativeTarget section */
		1FC328961BB52F2E0091401D /* dddddd */ = {
			isa = PBXNativeTarget;
			buildConfigurationList = 1FC328C41BB52F2E0091401D /* Build configuration list for PBXNativeTarget "dddddd" */;
			buildPhases = (
				1FC328931BB52F2E0091401D /* Sources */,
				1FC328941BB52F2E0091401D /* Frameworks */,
				1FC328951BB52F2E0091401D /* Resources */,
			);
			buildRules = (
			);
			dependencies = (
			);
			name = dddddd;
			productName = dddddd;
			productReference = 1FC328971BB52F2E0091401D /* dddddd.app */;
			productType = "com.apple.product-type.application";
		};
		1FC328AF1BB52F2E0091401D /* ddddddTests */ = {
			isa = PBXNativeTarget;
			buildConfigurationList = 1FC328C71BB52F2E0091401D /* Build configuration list for PBXNativeTarget "ddddddTests" */;
			buildPhases = (
				1FC328AC1BB52F2E0091401D /* Sources */,
				1FC328AD1BB52F2E0091401D /* Frameworks */,
				1FC328AE1BB52F2E0091401D /* Resources */,
			);
			buildRules = (
			);
			dependencies = (
				1FC328B21BB52F2E0091401D /* PBXTargetDependency */,
			);
			name = ddddddTests;
			productName = ddddddTests;
			productReference = 1FC328B01BB52F2E0091401D /* ddddddTests.xctest */;
			productType = "com.apple.product-type.bundle.unit-test";
		};
		1FC328BA1BB52F2E0091401D /* ddddddUITests */ = {
			isa = PBXNativeTarget;
			buildConfigurationList = 1FC328CA1BB52F2E0091401D /* Build configuration list for PBXNativeTarget "ddddddUITests" */;
			buildPhases = (
				1FC328B71BB52F2E0091401D /* Sources */,
				1FC328B81BB52F2E0091401D /* Frameworks */,
				1FC328B91BB52F2E0091401D /* Resources */,
			);
			buildRules = (
			);
			dependencies = (
				1FC328BD1BB52F2E0091401D /* PBXTargetDependency */,
			);
			name = ddddddUITests;
			productName = ddddddUITests;
			productReference = 1FC328BB1BB52F2E0091401D /* ddddddUITests.xctest */;
			productType = "com.apple.product-type.bundle.ui-testing";
		};
/* End PBXNativeTarget section */

/* Begin PBXProject section */
		1FC3288F1BB52F2E0091401D /* Project object */ = {
			isa = PBXProject;
			attributes = {
				LastUpgradeCheck = 0700;
				ORGANIZATIONNAME = Mymac;
				TargetAttributes = {
					1FC328961BB52F2E0091401D = {
						CreatedOnToolsVersion = 7.0;
					};
					1FC328AF1BB52F2E0091401D = {
						CreatedOnToolsVersion = 7.0;
						TestTargetID = 1FC328961BB52F2E0091401D;
					};
					1FC328BA1BB52F2E0091401D = {
						CreatedOnToolsVersion = 7.0;
						TestTargetID = 1FC328961BB52F2E0091401D;
					};
				};
			};
			buildConfigurationList = 1FC328921BB52F2E0091401D /* Build configuration list for PBXProject "dddddd" */;
			compatibilityVersion = "Xcode 3.2";
			developmentRegion = English;
			hasScannedForEncodings = 0;
			knownRegions = (
				en,
				Base,
			);
			mainGroup = 1FC3288E1BB52F2E0091401D;
			productRefGroup = 1FC328981BB52F2E0091401D /* Products */;
			projectDirPath = "";
			projectRoot = "";
			targets = (
				1FC328961BB52F2E0091401D /* dddddd */,
				1FC328AF1BB52F2E0091401D /* ddddddTests */,
				1FC328BA1BB52F2E0091401D /* ddddddUITests */,
			);
		};
/* End PBXProject section */

/* Begin PBXResourcesBuildPhase section */
		1FC328951BB52F2E0091401D /* Resources */ = {
			isa = PBXResourcesBuildPhase;
			buildActionMask = 2147483647;
			files = (
				1FC328AA1BB52F2E0091401D /* LaunchScreen.storyboard in Resources */,
				1FC328A71BB52F2E0091401D /* Assets.xcassets in Resources */,
				1FC328A51BB52F2E0091401D /* Main.storyboard in Resources */,
			);
			runOnlyForDeploymentPostprocessing = 0;
		};
		1FC328AE1BB52F2E0091401D /* Resources */ = {
			isa = PBXResourcesBuildPhase;
			buildActionMask = 2147483647;
			files = (
			);
			runOnlyForDeploymentPostprocessing = 0;
		};
		1FC328B91BB52F2E0091401D /* Resources */ = {
			isa = PBXResourcesBuildPhase;
			buildActionMask = 2147483647;
			files = (
			);
			runOnlyForDeploymentPostprocessing = 0;
		};
/* End PBXResourcesBuildPhase section */

/* Begin PBXSourcesBuildPhase section */
		1FC328931BB52F2E0091401D /* Sources */ = {
			isa = PBXSourcesBuildPhase;
			buildActionMask = 2147483647;
			files = (
				1FC328A21BB52F2E0091401D /* ViewController.m in Sources */,
				1FC3289F1BB52F2E0091401D /* AppDelegate.m in Sources */,
				1FC3289C1BB52F2E0091401D /* main.m in Sources */,
			);
			runOnlyForDeploymentPostprocessing = 0;
		};
		1FC328AC1BB52F2E0091401D /* Sources */ = {
			isa = PBXSourcesBuildPhase;
			buildActionMask = 2147483647;
			files = (
				1FC328B51BB52F2E0091401D /* ddddddTests.m in Sources */,
			);
			runOnlyForDeploymentPostprocessing = 0;
		};
		1FC328B71BB52F2E0091401D /* Sources */ = {
			isa = PBXSourcesBuildPhase;
			buildActionMask = 2147483647;
			files = (
				1FC328C01BB52F2E0091401D /* ddddddUITests.m in Sources */,
			);
			runOnlyForDeploymentPostprocessing = 0;
		};
/* End PBXSourcesBuildPhase section */

/* Begin PBXTargetDependency section */
		1FC328B21BB52F2E0091401D /* PBXTargetDependency */ = {
			isa = PBXTargetDependency;
			target = 1FC328961BB52F2E0091401D /* dddddd */;
			targetProxy = 1FC328B11BB52F2E0091401D /* PBXContainerItemProxy */;
		};
		1FC328BD1BB52F2E0091401D /* PBXTargetDependency */ = {
			isa = PBXTargetDependency;
			target = 1FC328961BB52F2E0091401D /* dddddd */;
			targetProxy = 1FC328BC1BB52F2E0091401D /* PBXContainerItemProxy */;
		};
/* End PBXTargetDependency section */

/* Begin PBXVariantGroup section */
		1FC328A31BB52F2E0091401D /* Main.storyboard */ = {
			isa = PBXVariantGroup;
			children = (
				1FC328A41BB52F2E0091401D /* Base */,
			);
			name = Main.storyboard;
			sourceTree = "<group>";
		};
		1FC328A81BB52F2E0091401D /* LaunchScreen.storyboard */ = {
			isa = PBXVariantGroup;
			children = (
				1FC328A91BB52F2E0091401D /* Base */,
			);
			name = LaunchScreen.storyboard;
			sourceTree = "<group>";
		};
/* End PBXVariantGroup section */

/* Begin XCBuildConfiguration section */
		1FC328C21BB52F2E0091401D /* Debug */ = {
			isa = XCBuildConfiguration;
			buildSettings = {
				ALWAYS_SEARCH_USER_PATHS = NO;
				CLANG_CXX_LANGUAGE_STANDARD = "gnu++0x";
				CLANG_CXX_LIBRARY = "libc++";
				CLANG_ENABLE_MODULES = YES;
				CLANG_ENABLE_OBJC_ARC = YES;
				CLANG_WARN_BOOL_CONVERSION = YES;
				CLANG_WARN_CONSTANT_CONVERSION = YES;
				CLANG_WARN_DIRECT_OBJC_ISA_USAGE = YES_ERROR;
				CLANG_WARN_EMPTY_BODY = YES;
				CLANG_WARN_ENUM_CONVERSION = YES;
				CLANG_WARN_INT_CONVERSION = YES;
				CLANG_WARN_OBJC_ROOT_CLASS = YES_ERROR;
				CLANG_WARN_UNREACHABLE_CODE = YES;
				CLANG_WARN__DUPLICATE_METHOD_MATCH = YES;
				"CODE_SIGN_IDENTITY[sdk=iphoneos*]" = "iPhone Developer";
				COPY_PHASE_STRIP = NO;
				DEBUG_INFORMATION_FORMAT = dwarf;
				ENABLE_STRICT_OBJC_MSGSEND = YES;
				ENABLE_TESTABILITY = YES;
				GCC_C_LANGUAGE_STANDARD = gnu99;
				GCC_DYNAMIC_NO_PIC = NO;
				GCC_NO_COMMON_BLOCKS = YES;
				GCC_OPTIMIZATION_LEVEL = 0;
				GCC_PREPROCESSOR_DEFINITIONS = (
					"DEBUG=1",
					"$(inherited)",
				);
				GCC_WARN_64_TO_32_BIT_CONVERSION = YES;
				GCC_WARN_ABOUT_RETURN_TYPE = YES_ERROR;
				GCC_WARN_UNDECLARED_SELECTOR = YES;
				GCC_WARN_UNINITIALIZED_AUTOS = YES_AGGRESSIVE;
				GCC_WARN_UNUSED_FUNCTION = YES;
				GCC_WARN_UNUSED_VARIABLE = YES;
				IPHONEOS_DEPLOYMENT_TARGET = 9.0;
				MTL_ENABLE_DEBUG_INFO = YES;
				ONLY_ACTIVE_ARCH = YES;
				SDKROOT = iphoneos;
				TARGETED_DEVICE_FAMILY = "1,2";
			};
			name = Debug;
		};
		1FC328C31BB52F2E0091401D /* Release */ = {
			isa = XCBuildConfiguration;
			buildSettings = {
				ALWAYS_SEARCH_USER_PATHS = NO;
				CLANG_CXX_LANGUAGE_STANDARD = "gnu++0x";
				CLANG_CXX_LIBRARY = "libc++";
				CLANG_ENABLE_MODULES = YES;
				CLANG_ENABLE_OBJC_ARC = YES;
				CLANG_WARN_BOOL_CONVERSION = YES;
				CLANG_WARN_CONSTANT_CONVERSION = YES;
				CLANG_WARN_DIRECT_OBJC_ISA_USAGE = YES_ERROR;
				CLANG_WARN_EMPTY_BODY = YES;
				CLANG_WARN_ENUM_CONVERSION = YES;
				CLANG_WARN_INT_CONVERSION = YES;
				CLANG_WARN_OBJC_ROOT_CLASS = YES_ERROR;
				CLANG_WARN_UNREACHABLE_CODE = YES;
				CLANG_WARN__DUPLICATE_METHOD_MATCH = YES;
				"CODE_SIGN_IDENTITY[sdk=iphoneos*]" = "iPhone Developer";
				COPY_PHASE_STRIP = NO;
				DEBUG_INFORMATION_FORMAT = "dwarf-with-dsym";
				ENABLE_NS_ASSERTIONS = NO;
				ENABLE_STRICT_OBJC_MSGSEND = YES;
				GCC_C_LANGUAGE_STANDARD = gnu99;
				GCC_NO_COMMON_BLOCKS = YES;
				GCC_WARN_64_TO_32_BIT_CONVERSION = YES;
				GCC_WARN_ABOUT_RETURN_TYPE = YES_ERROR;
				GCC_WARN_UNDECLARED_SELECTOR = YES;
				GCC_WARN_UNINITIALIZED_AUTOS = YES_AGGRESSIVE;
				GCC_WARN_UNUSED_FUNCTION = YES;
				GCC_WARN_UNUSED_VARIABLE = YES;
				IPHONEOS_DEPLOYMENT_TARGET = 9.0;
				MTL_ENABLE_DEBUG_INFO = NO;
				SDKROOT = iphoneos;
				TARGETED_DEVICE_FAMILY = "1,2";
				VALIDATE_PRODUCT = YES;
			};
			name = Release;
		};
		1FC328C51BB52F2E0091401D /* Debug */ = {
			isa = XCBuildConfiguration;
			buildSettings = {
				ASSETCATALOG_COMPILER_APPICON_NAME = AppIcon;
				INFOPLIST_FILE = dddddd/Info.plist;
				LD_RUNPATH_SEARCH_PATHS = "$(inherited) @executable_path/Frameworks";
				PRODUCT_BUNDLE_IDENTIFIER = app.dddddd;
				PRODUCT_NAME = "$(TARGET_NAME)";
			};
			name = Debug;
		};
		1FC328C61BB52F2E0091401D /* Release */ = {
			isa = XCBuildConfiguration;
			buildSettings = {
				ASSETCATALOG_COMPILER_APPICON_NAME = AppIcon;
				INFOPLIST_FILE = dddddd/Info.plist;
				LD_RUNPATH_SEARCH_PATHS = "$(inherited) @executable_path/Frameworks";
				PRODUCT_BUNDLE_IDENTIFIER = app.dddddd;
				PRODUCT_NAME = "$(TARGET_NAME)";
			};
			name = Release;
		};
		1FC328C81BB52F2E0091401D /* Debug */ = {
			isa = XCBuildConfiguration;
			buildSettings = {
				BUNDLE_LOADER = "$(TEST_HOST)";
				INFOPLIST_FILE = ddddddTests/Info.plist;
				LD_RUNPATH_SEARCH_PATHS = "$(inherited) @executable_path/Frameworks @loader_path/Frameworks";
				PRODUCT_BUNDLE_IDENTIFIER = app.ddddddTests;
				PRODUCT_NAME = "$(TARGET_NAME)";
				TEST_HOST = "$(BUILT_PRODUCTS_DIR)/dddddd.app/dddddd";
			};
			name = Debug;
		};
		1FC328C91BB52F2E0091401D /* Release */ = {
			isa = XCBuildConfiguration;
			buildSettings = {
				BUNDLE_LOADER = "$(TEST_HOST)";
				INFOPLIST_FILE = ddddddTests/Info.plist;
				LD_RUNPATH_SEARCH_PATHS = "$(inherited) @executable_path/Frameworks @loader_path/Frameworks";
				PRODUCT_BUNDLE_IDENTIFIER = app.ddddddTests;
				PRODUCT_NAME = "$(TARGET_NAME)";
				TEST_HOST = "$(BUILT_PRODUCTS_DIR)/dddddd.app/dddddd";
			};
			name = Release;
		};
		1FC328CB1BB52F2E0091401D /* Debug */ = {
			isa = XCBuildConfiguration;
			buildSettings = {
				INFOPLIST_FILE = ddddddUITests/Info.plist;
				LD_RUNPATH_SEARCH_PATHS = "$(inherited) @executable_path/Frameworks @loader_path/Frameworks";
				PRODUCT_BUNDLE_IDENTIFIER = app.ddddddUITests;
				PRODUCT_NAME = "$(TARGET_NAME)";
				TEST_TARGET_NAME = dddddd;
				USES_XCTRUNNER = YES;
			};
			name = Debug;
		};
		1FC328CC1BB52F2E0091401D /* Release */ = {
			isa = XCBuildConfiguration;
			buildSettings = {
				INFOPLIST_FILE = ddddddUITests/Info.plist;
				LD_RUNPATH_SEARCH_PATHS = "$(inherited) @executable_path/Frameworks @loader_path/Frameworks";
				PRODUCT_BUNDLE_IDENTIFIER = app.ddddddUITests;
				PRODUCT_NAME = "$(TARGET_NAME)";
				TEST_TARGET_NAME = dddddd;
				USES_XCTRUNNER = YES;
			};
			name = Release;
		};
/* End XCBuildConfiguration section */

/* Begin XCConfigurationList section */
		1FC328921BB52F2E0091401D /* Build configuration list for PBXProject "dddddd" */ = {
			isa = XCConfigurationList;
			buildConfigurations = (
				1FC328C21BB52F2E0091401D /* Debug */,
				1FC328C31BB52F2E0091401D /* Release */,
			);
			defaultConfigurationIsVisible = 0;
			defaultConfigurationName = Release;
		};
		1FC328C41BB52F2E0091401D /* Build configuration list for PBXNativeTarget "dddddd" */ = {
			isa = XCConfigurationList;
			buildConfigurations = (
				1FC328C51BB52F2E0091401D /* Debug */,
				1FC328C61BB52F2E0091401D /* Release */,
			);
			defaultConfigurationIsVisible = 0;
		};
		1FC328C71BB52F2E0091401D /* Build configuration list for PBXNativeTarget "ddddddTests" */ = {
			isa = XCConfigurationList;
			buildConfigurations = (
				1FC328C81BB52F2E0091401D /* Debug */,
				1FC328C91BB52F2E0091401D /* Release */,
			);
			defaultConfigurationIsVisible = 0;
		};
		1FC328CA1BB52F2E0091401D /* Build configuration list for PBXNativeTarget "ddddddUITests" */ = {
			isa = XCConfigurationList;
			buildConfigurations = (
				1FC328CB1BB52F2E0091401D /* Debug */,
				1FC328CC1BB52F2E0091401D /* Release */,
			);
			defaultConfigurationIsVisible = 0;
		};
/* End XCConfigurationList section */
	};
	rootObject = 1FC3288F1BB52F2E0091401D /* Project object */;
}
